
Microsoft Visual Studio Solution File, Format Version 12.00
# Visual Studio Version 16
VisualStudioVersion = 16.0.29709.97
MinimumVisualStudioVersion = 10.0.40219.1
Project("{9A19103F-16F7-4668-BE54-9A1E7A4F7556}") = "SIS_ControleFinanceiro_MVC", "SIS_ControleFinanceiro_MVC\SIS_ControleFinanceiro_MVC.csproj", "{1463B4D8-6B2D-412C-8D4C-2F6415517061}"
EndProject
Project("{FAE04EC0-301F-11D3-BF4B-00C04F79EFBC}") = "TesteControleFinanceiro", "TesteControleFinanceiro\TesteControleFinanceiro.csproj", "{599DB24C-6EFB-41E8-95C5-A1A1AC4B2217}"
EndProject
Global
	GlobalSection(SolutionConfigurationPlatforms) = preSolution
		Debug|Any CPU = Debug|Any CPU
		Release|Any CPU = Release|Any CPU
	EndGlobalSection
	GlobalSection(ProjectConfigurationPlatforms) = postSolution
		{1463B4D8-6B2D-412C-8D4C-2F6415517061}.Debug|Any CPU.ActiveCfg = Debug|Any CPU
		{1463B4D8-6B2D-412C-8D4C-2F6415517061}.Debug|Any CPU.Build.0 = Debug|Any CPU
		{1463B4D8-6B2D-412C-8D4C-2F6415517061}.Release|Any CPU.ActiveCfg = Release|Any CPU
		{1463B4D8-6B2D-412C-8D4C-2F6415517061}.Release|Any CPU.Build.0 = Release|Any CPU
		{599DB24C-6EFB-41E8-95C5-A1A1AC4B2217}.Debug|Any CPU.ActiveCfg = Debug|Any CPU
		{599DB24C-6EFB-41E8-95C5-A1A1AC4B2217}.Debug|Any CPU.Build.0 = Debug|Any CPU
		{599DB24C-6EFB-41E8-95C5-A1A1AC4B2217}.Release|Any CPU.ActiveCfg = Release|Any CPU
		{599DB24C-6EFB-41E8-95C5-A1A1AC4B2217}.Release|Any CPU.Build.0 = Release|Any CPU
	EndGlobalSection
	GlobalSection(SolutionProperties) = preSolution
		HideSolutionNode = FALSE
	EndGlobalSection
	GlobalSection(ExtensibilityGlobals) = postSolution
		SolutionGuid = {835A9292-EA2D-45DD-93B6-6C38E2CD8194}
	EndGlobalSection
EndGlobal
